
Microsoft Visual Studio Solution File, Format Version 12.00
# Visual Studio Version 17
VisualStudioVersion = 17.3.32901.215
MinimumVisualStudioVersion = 10.0.40219.1
Project("{FAE04EC0-301F-11D3-BF4B-00C04F79EFBC}") = "Opdracht1", "Opdracht1\Opdracht1.csproj", "{416CBA54-A03A-4E33-997E-A344D0E46A10}"
EndProject
Project("{FAE04EC0-301F-11D3-BF4B-00C04F79EFBC}") = "Opdracht2", "Opdracht2\Opdracht2.csproj", "{017DD411-CAD4-44F5-A595-C36C96B41086}"
EndProject
Project("{FAE04EC0-301F-11D3-BF4B-00C04F79EFBC}") = "Opdracht3", "Opdracht3\Opdracht3.csproj", "{6B0E741D-6C7A-4A05-9226-889AF5FE2259}"
EndProject
Global
	GlobalSection(SolutionConfigurationPlatforms) = preSolution
		Debug|Any CPU = Debug|Any CPU
		Release|Any CPU = Release|Any CPU
	EndGlobalSection
	GlobalSection(ProjectConfigurationPlatforms) = postSolution
		{416CBA54-A03A-4E33-997E-A344D0E46A10}.Debug|Any CPU.ActiveCfg = Debug|Any CPU
		{416CBA54-A03A-4E33-997E-A344D0E46A10}.Debug|Any CPU.Build.0 = Debug|Any CPU
		{416CBA54-A03A-4E33-997E-A344D0E46A10}.Release|Any CPU.ActiveCfg = Release|Any CPU
		{416CBA54-A03A-4E33-997E-A344D0E46A10}.Release|Any CPU.Build.0 = Release|Any CPU
		{017DD411-CAD4-44F5-A595-C36C96B41086}.Debug|Any CPU.ActiveCfg = Debug|Any CPU
		{017DD411-CAD4-44F5-A595-C36C96B41086}.Debug|Any CPU.Build.0 = Debug|Any CPU
		{017DD411-CAD4-44F5-A595-C36C96B41086}.Release|Any CPU.ActiveCfg = Release|Any CPU
		{017DD411-CAD4-44F5-A595-C36C96B41086}.Release|Any CPU.Build.0 = Release|Any CPU
		{6B0E741D-6C7A-4A05-9226-889AF5FE2259}.Debug|Any CPU.ActiveCfg = Debug|Any CPU
		{6B0E741D-6C7A-4A05-9226-889AF5FE2259}.Debug|Any CPU.Build.0 = Debug|Any CPU
		{6B0E741D-6C7A-4A05-9226-889AF5FE2259}.Release|Any CPU.ActiveCfg = Release|Any CPU
		{6B0E741D-6C7A-4A05-9226-889AF5FE2259}.Release|Any CPU.Build.0 = Release|Any CPU
	EndGlobalSection
	GlobalSection(SolutionProperties) = preSolution
		HideSolutionNode = FALSE
	EndGlobalSection
	GlobalSection(ExtensibilityGlobals) = postSolution
		SolutionGuid = {8E8CF883-0E46-43E6-9781-96825F3CEEA4}
	EndGlobalSection
EndGlobal
